
Microsoft Visual Studio Solution File, Format Version 12.00
# Visual Studio Version 17
VisualStudioVersion = 17.9.34728.123
MinimumVisualStudioVersion = 10.0.40219.1
Project("{FAE04EC0-301F-11D3-BF4B-00C04F79EFBC}") = "ProductManagementApp", "ProductManagementApp\ProductManagementApp.csproj", "{AE1CF72F-ED71-4C78-9987-BE1EF4C051CA}"
EndProject
Global
	GlobalSection(SolutionConfigurationPlatforms) = preSolution
		Debug|Any CPU = Debug|Any CPU
		Release|Any CPU = Release|Any CPU
	EndGlobalSection
	GlobalSection(ProjectConfigurationPlatforms) = postSolution
		{AE1CF72F-ED71-4C78-9987-BE1EF4C051CA}.Debug|Any CPU.ActiveCfg = Debug|Any CPU
		{AE1CF72F-ED71-4C78-9987-BE1EF4C051CA}.Debug|Any CPU.Build.0 = Debug|Any CPU
		{AE1CF72F-ED71-4C78-9987-BE1EF4C051CA}.Release|Any CPU.ActiveCfg = Release|Any CPU
		{AE1CF72F-ED71-4C78-9987-BE1EF4C051CA}.Release|Any CPU.Build.0 = Release|Any CPU
	EndGlobalSection
	GlobalSection(SolutionProperties) = preSolution
		HideSolutionNode = FALSE
	EndGlobalSection
	GlobalSection(ExtensibilityGlobals) = postSolution
		SolutionGuid = {154E032F-6F22-47AE-8D39-1F3A7E3ED4F4}
	EndGlobalSection
EndGlobal
